{
  "name": "qrpay-server",
  "version": "1.0.0",
  "lockfileVersion": 3,
  "requires": true,
  "packages": {
    "": {
      "name": "qrpay-server",
      "version": "1.0.0",
      "dependencies": {
        "@supabase/supabase-js": "...",
        "dotenv": "...",
        "express": "..."
      }
    },
    "...": {},
    "node_modules/@supabase/supabase-js": {
      "resolved": "...",
      "link": true
    },
    "node_modules/dotenv": {
      "resolved": "...",
      "link": true
    },
    "node_modules/express": {
      "resolved": "...",
      "link": true
    }
  }
}
